// !$*UTF8*$!
{
	archiveVersion = 1;
	classes = {
	};
	objectVersion = 46;
	objects = {

/* Begin PBXBuildFile section */
		2902079D1B45D7F300775FB4 /* AppDelegate.swift in Sources */ = {isa = PBXBuildFile; fileRef = 2902079C1B45D7F300775FB4 /* AppDelegate.swift */; };
		290207A01B45D7F300775FB4 /* iLounge.xcdatamodeld in Sources */ = {isa = PBXBuildFile; fileRef = 2902079E1B45D7F300775FB4 /* iLounge.xcdatamodeld */; };
		290207A21B45D7F300775FB4 /* ViewController.swift in Sources */ = {isa = PBXBuildFile; fileRef = 290207A11B45D7F300775FB4 /* ViewController.swift */; };
		290207A51B45D7F300775FB4 /* Main.storyboard in Resources */ = {isa = PBXBuildFile; fileRef = 290207A31B45D7F300775FB4 /* Main.storyboard */; };
		290207A71B45D7F300775FB4 /* Images.xcassets in Resources */ = {isa = PBXBuildFile; fileRef = 290207A61B45D7F300775FB4 /* Images.xcassets */; };
		290207AA1B45D7F300775FB4 /* LaunchScreen.xib in Resources */ = {isa = PBXBuildFile; fileRef = 290207A81B45D7F300775FB4 /* LaunchScreen.xib */; };
		290207B61B45D7F300775FB4 /* iLoungeTests.swift in Sources */ = {isa = PBXBuildFile; fileRef = 290207B51B45D7F300775FB4 /* iLoungeTests.swift */; };
		29E177B81B4B1580002DFE81 /* Default-568h@2x.png in Resources */ = {isa = PBXBuildFile; fileRef = 29E177B41B4B1580002DFE81 /* Default-568h@2x.png */; };
		29E177B91B4B1580002DFE81 /* Default-667h@2x.png in Resources */ = {isa = PBXBuildFile; fileRef = 29E177B51B4B1580002DFE81 /* Default-667h@2x.png */; };
		29E177BA1B4B1580002DFE81 /* Default-Portrait@2x.png in Resources */ = {isa = PBXBuildFile; fileRef = 29E177B61B4B1580002DFE81 /* Default-Portrait@2x.png */; };
		29E177BB1B4B1580002DFE81 /* Default@2x.png in Resources */ = {isa = PBXBuildFile; fileRef = 29E177B71B4B1580002DFE81 /* Default@2x.png */; };
/* End PBXBuildFile section */

/* Begin PBXContainerItemProxy section */
		290207B01B45D7F300775FB4 /* PBXContainerItemProxy */ = {
			isa = PBXContainerItemProxy;
			containerPortal = 2902078F1B45D7F300775FB4 /* Project object */;
			proxyType = 1;
			remoteGlobalIDString = 290207961B45D7F300775FB4;
			remoteInfo = iLounge;
		};
/* End PBXContainerItemProxy section */

/* Begin PBXFileReference section */
		290207971B45D7F300775FB4 /* iLounge.app */ = {isa = PBXFileReference; explicitFileType = wrapper.application; includeInIndex = 0; path = iLounge.app; sourceTree = BUILT_PRODUCTS_DIR; };
		2902079B1B45D7F300775FB4 /* Info.plist */ = {isa = PBXFileReference; lastKnownFileType = text.plist.xml; path = Info.plist; sourceTree = "<group>"; };
		2902079C1B45D7F300775FB4 /* AppDelegate.swift */ = {isa = PBXFileReference; lastKnownFileType = sourcecode.swift; path = AppDelegate.swift; sourceTree = "<group>"; };
		2902079F1B45D7F300775FB4 /* iLounge.xcdatamodel */ = {isa = PBXFileReference; lastKnownFileType = wrapper.xcdatamodel; path = iLounge.xcdatamodel; sourceTree = "<group>"; };
		290207A11B45D7F300775FB4 /* ViewController.swift */ = {isa = PBXFileReference; lastKnownFileType = sourcecode.swift; path = ViewController.swift; sourceTree = "<group>"; };
		290207A41B45D7F300775FB4 /* Base */ = {isa = PBXFileReference; lastKnownFileType = file.storyboard; name = Base; path = Base.lproj/Main.storyboard; sourceTree = "<group>"; };
		290207A61B45D7F300775FB4 /* Images.xcassets */ = {isa = PBXFileReference; lastKnownFileType = folder.assetcatalog; path = Images.xcassets; sourceTree = "<group>"; };
		290207A91B45D7F300775FB4 /* Base */ = {isa = PBXFileReference; lastKnownFileType = file.xib; name = Base; path = Base.lproj/LaunchScreen.xib; sourceTree = "<group>"; };
		290207AF1B45D7F300775FB4 /* iLoungeTests.xctest */ = {isa = PBXFileReference; explicitFileType = wrapper.cfbundle; includeInIndex = 0; path = iLoungeTests.xctest; sourceTree = BUILT_PRODUCTS_DIR; };
		290207B41B45D7F300775FB4 /* Info.plist */ = {isa = PBXFileReference; lastKnownFileType = text.plist.xml; path = Info.plist; sourceTree = "<group>"; };
		290207B51B45D7F300775FB4 /* iLoungeTests.swift */ = {isa = PBXFileReference; lastKnownFileType = sourcecode.swift; path = iLoungeTests.swift; sourceTree = "<group>"; };
		29E177B41B4B1580002DFE81 /* Default-568h@2x.png */ = {isa = PBXFileReference; lastKnownFileType = image.png; name = "Default-568h@2x.png"; path = "../../../../Downloads/app-13/assets/iphone/Default-568h@2x.png"; sourceTree = "<group>"; };
		29E177B51B4B1580002DFE81 /* Default-667h@2x.png */ = {isa = PBXFileReference; lastKnownFileType = image.png; name = "Default-667h@2x.png"; path = "../../../../Downloads/app-13/assets/iphone/Default-667h@2x.png"; sourceTree = "<group>"; };
		29E177B61B4B1580002DFE81 /* Default-Portrait@2x.png */ = {isa = PBXFileReference; lastKnownFileType = image.png; name = "Default-Portrait@2x.png"; path = "../../../../Downloads/app-13/assets/iphone/Default-Portrait@2x.png"; sourceTree = "<group>"; };
		29E177B71B4B1580002DFE81 /* Default@2x.png */ = {isa = PBXFileReference; lastKnownFileType = image.png; name = "Default@2x.png"; path = "../../../../Downloads/app-13/assets/iphone/Default@2x.png"; sourceTree = "<group>"; };
/* End PBXFileReference section */

/* Begin PBXFrameworksBuildPhase section */
		290207941B45D7F300775FB4 /* Frameworks */ = {
			isa = PBXFrameworksBuildPhase;
			buildActionMask = 2147483647;
			files = (
			);
			runOnlyForDeploymentPostprocessing = 0;
		};
		290207AC1B45D7F300775FB4 /* Frameworks */ = {
			isa = PBXFrameworksBuildPhase;
			buildActionMask = 2147483647;
			files = (
			);
			runOnlyForDeploymentPostprocessing = 0;
		};
/* End PBXFrameworksBuildPhase section */

/* Begin PBXGroup section */
		2902078E1B45D7F300775FB4 = {
			isa = PBXGroup;
			children = (
				29E177B41B4B1580002DFE81 /* Default-568h@2x.png */,
				29E177B51B4B1580002DFE81 /* Default-667h@2x.png */,
				29E177B61B4B1580002DFE81 /* Default-Portrait@2x.png */,
				29E177B71B4B1580002DFE81 /* Default@2x.png */,
				290207991B45D7F300775FB4 /* iLounge */,
				290207B21B45D7F300775FB4 /* iLoungeTests */,
				290207981B45D7F300775FB4 /* Products */,
			);
			sourceTree = "<group>";
		};
		290207981B45D7F300775FB4 /* Products */ = {
			isa = PBXGroup;
			children = (
				290207971B45D7F300775FB4 /* iLounge.app */,
				290207AF1B45D7F300775FB4 /* iLoungeTests.xctest */,
			);
			name = Products;
			sourceTree = "<group>";
		};
		290207991B45D7F300775FB4 /* iLounge */ = {
			isa = PBXGroup;
			children = (
				2902079C1B45D7F300775FB4 /* AppDelegate.swift */,
				290207A11B45D7F300775FB4 /* ViewController.swift */,
				290207A31B45D7F300775FB4 /* Main.storyboard */,
				290207A61B45D7F300775FB4 /* Images.xcassets */,
				290207A81B45D7F300775FB4 /* LaunchScreen.xib */,
				2902079E1B45D7F300775FB4 /* iLounge.xcdatamodeld */,
				2902079A1B45D7F300775FB4 /* Supporting Files */,
			);
			path = iLounge;
			sourceTree = "<group>";
		};
		2902079A1B45D7F300775FB4 /* Supporting Files */ = {
			isa = PBXGroup;
			children = (
				2902079B1B45D7F300775FB4 /* Info.plist */,
			);
			name = "Supporting Files";
			sourceTree = "<group>";
		};
		290207B21B45D7F300775FB4 /* iLoungeTests */ = {
			isa = PBXGroup;
			children = (
				290207B51B45D7F300775FB4 /* iLoungeTests.swift */,
				290207B31B45D7F300775FB4 /* Supporting Files */,
			);
			path = iLoungeTests;
			sourceTree = "<group>";
		};
		290207B31B45D7F300775FB4 /* Supporting Files */ = {
			isa = PBXGroup;
			children = (
				290207B41B45D7F300775FB4 /* Info.plist */,
			);
			name = "Supporting Files";
			sourceTree = "<group>";
		};
/* End PBXGroup section */

/* Begin PBXNativeTarget section */
		290207961B45D7F300775FB4 /* iLounge */ = {
			isa = PBXNativeTarget;
			buildConfigurationList = 290207B91B45D7F300775FB4 /* Build configuration list for PBXNativeTarget "iLounge" */;
			buildPhases = (
				290207931B45D7F300775FB4 /* Sources */,
				290207941B45D7F300775FB4 /* Frameworks */,
				290207951B45D7F300775FB4 /* Resources */,
			);
			buildRules = (
			);
			dependencies = (
			);
			name = iLounge;
			productName = iLounge;
			productReference = 290207971B45D7F300775FB4 /* iLounge.app */;
			productType = "com.apple.product-type.application";
		};
		290207AE1B45D7F300775FB4 /* iLoungeTests */ = {
			isa = PBXNativeTarget;
			buildConfigurationList = 290207BC1B45D7F300775FB4 /* Build configuration list for PBXNativeTarget "iLoungeTests" */;
			buildPhases = (
				290207AB1B45D7F300775FB4 /* Sources */,
				290207AC1B45D7F300775FB4 /* Frameworks */,
				290207AD1B45D7F300775FB4 /* Resources */,
			);
			buildRules = (
			);
			dependencies = (
				290207B11B45D7F300775FB4 /* PBXTargetDependency */,
			);
			name = iLoungeTests;
			productName = iLoungeTests;
			productReference = 290207AF1B45D7F300775FB4 /* iLoungeTests.xctest */;
			productType = "com.apple.product-type.bundle.unit-test";
		};
/* End PBXNativeTarget section */

/* Begin PBXProject section */
		2902078F1B45D7F300775FB4 /* Project object */ = {
			isa = PBXProject;
			attributes = {
				LastUpgradeCheck = 0640;
				ORGANIZATIONNAME = "Runpeng Liu";
				TargetAttributes = {
					290207961B45D7F300775FB4 = {
						CreatedOnToolsVersion = 6.4;
					};
					290207AE1B45D7F300775FB4 = {
						CreatedOnToolsVersion = 6.4;
						TestTargetID = 290207961B45D7F300775FB4;
					};
				};
			};
			buildConfigurationList = 290207921B45D7F300775FB4 /* Build configuration list for PBXProject "iLounge" */;
			compatibilityVersion = "Xcode 3.2";
			developmentRegion = English;
			hasScannedForEncodings = 0;
			knownRegions = (
				en,
				Base,
			);
			mainGroup = 2902078E1B45D7F300775FB4;
			productRefGroup = 290207981B45D7F300775FB4 /* Products */;
			projectDirPath = "";
			projectRoot = "";
			targets = (
				290207961B45D7F300775FB4 /* iLounge */,
				290207AE1B45D7F300775FB4 /* iLoungeTests */,
			);
		};
/* End PBXProject section */

/* Begin PBXResourcesBuildPhase section */
		290207951B45D7F300775FB4 /* Resources */ = {
			isa = PBXResourcesBuildPhase;
			buildActionMask = 2147483647;
			files = (
				290207A51B45D7F300775FB4 /* Main.storyboard in Resources */,
				29E177B81B4B1580002DFE81 /* Default-568h@2x.png in Resources */,
				290207AA1B45D7F300775FB4 /* LaunchScreen.xib in Resources */,
				29E177BA1B4B1580002DFE81 /* Default-Portrait@2x.png in Resources */,
				290207A71B45D7F300775FB4 /* Images.xcassets in Resources */,
				29E177BB1B4B1580002DFE81 /* Default@2x.png in Resources */,
				29E177B91B4B1580002DFE81 /* Default-667h@2x.png in Resources */,
			);
			runOnlyForDeploymentPostprocessing = 0;
		};
		290207AD1B45D7F300775FB4 /* Resources */ = {
			isa = PBXResourcesBuildPhase;
			buildActionMask = 2147483647;
			files = (
			);
			runOnlyForDeploymentPostprocessing = 0;
		};
/* End PBXResourcesBuildPhase section */

/* Begin PBXSourcesBuildPhase section */
		290207931B45D7F300775FB4 /* Sources */ = {
			isa = PBXSourcesBuildPhase;
			buildActionMask = 2147483647;
			files = (
				290207A21B45D7F300775FB4 /* ViewController.swift in Sources */,
				2902079D1B45D7F300775FB4 /* AppDelegate.swift in Sources */,
				290207A01B45D7F300775FB4 /* iLounge.xcdatamodeld in Sources */,
			);
			runOnlyForDeploymentPostprocessing = 0;
		};
		290207AB1B45D7F300775FB4 /* Sources */ = {
			isa = PBXSourcesBuildPhase;
			buildActionMask = 2147483647;
			files = (
				290207B61B45D7F300775FB4 /* iLoungeTests.swift in Sources */,
			);
			runOnlyForDeploymentPostprocessing = 0;
		};
/* End PBXSourcesBuildPhase section */

/* Begin PBXTargetDependency section */
		290207B11B45D7F300775FB4 /* PBXTargetDependency */ = {
			isa = PBXTargetDependency;
			target = 290207961B45D7F300775FB4 /* iLounge */;
			targetProxy = 290207B01B45D7F300775FB4 /* PBXContainerItemProxy */;
		};
/* End PBXTargetDependency section */

/* Begin PBXVariantGroup section */
		290207A31B45D7F300775FB4 /* Main.storyboard */ = {
			isa = PBXVariantGroup;
			children = (
				290207A41B45D7F300775FB4 /* Base */,
			);
			name = Main.storyboard;
			sourceTree = "<group>";
		};
		290207A81B45D7F300775FB4 /* LaunchScreen.xib */ = {
			isa = PBXVariantGroup;
			children = (
				290207A91B45D7F300775FB4 /* Base */,
			);
			name = LaunchScreen.xib;
			sourceTree = "<group>";
		};
/* End PBXVariantGroup section */

/* Begin XCBuildConfiguration section */
		290207B71B45D7F300775FB4 /* Debug */ = {
			isa = XCBuildConfiguration;
			buildSettings = {
				ALWAYS_SEARCH_USER_PATHS = NO;
				CLANG_CXX_LANGUAGE_STANDARD = "gnu++0x";
				CLANG_CXX_LIBRARY = "libc++";
				CLANG_ENABLE_MODULES = YES;
				CLANG_ENABLE_OBJC_ARC = YES;
				CLANG_WARN_BOOL_CONVERSION = YES;
				CLANG_WARN_CONSTANT_CONVERSION = YES;
				CLANG_WARN_DIRECT_OBJC_ISA_USAGE = YES_ERROR;
				CLANG_WARN_EMPTY_BODY = YES;
				CLANG_WARN_ENUM_CONVERSION = YES;
				CLANG_WARN_INT_CONVERSION = YES;
				CLANG_WARN_OBJC_ROOT_CLASS = YES_ERROR;
				CLANG_WARN_UNREACHABLE_CODE = YES;
				CLANG_WARN__DUPLICATE_METHOD_MATCH = YES;
				"CODE_SIGN_IDENTITY[sdk=iphoneos*]" = "iPhone Developer";
				COPY_PHASE_STRIP = NO;
				DEBUG_INFORMATION_FORMAT = "dwarf-with-dsym";
				ENABLE_STRICT_OBJC_MSGSEND = YES;
				GCC_C_LANGUAGE_STANDARD = gnu99;
				GCC_DYNAMIC_NO_PIC = NO;
				GCC_NO_COMMON_BLOCKS = YES;
				GCC_OPTIMIZATION_LEVEL = 0;
				GCC_PREPROCESSOR_DEFINITIONS = (
					"DEBUG=1",
					"$(inherited)",
				);
				GCC_SYMBOLS_PRIVATE_EXTERN = NO;
				GCC_WARN_64_TO_32_BIT_CONVERSION = YES;
				GCC_WARN_ABOUT_RETURN_TYPE = YES_ERROR;
				GCC_WARN_UNDECLARED_SELECTOR = YES;
				GCC_WARN_UNINITIALIZED_AUTOS = YES_AGGRESSIVE;
				GCC_WARN_UNUSED_FUNCTION = YES;
				GCC_WARN_UNUSED_VARIABLE = YES;
				IPHONEOS_DEPLOYMENT_TARGET = 8.4;
				MTL_ENABLE_DEBUG_INFO = YES;
				ONLY_ACTIVE_ARCH = YES;
				SDKROOT = iphoneos;
				SWIFT_OPTIMIZATION_LEVEL = "-Onone";
				TARGETED_DEVICE_FAMILY = "1,2";
			};
			name = Debug;
		};
		290207B81B45D7F300775FB4 /* Release */ = {
			isa = XCBuildConfiguration;
			buildSettings = {
				ALWAYS_SEARCH_USER_PATHS = NO;
				CLANG_CXX_LANGUAGE_STANDARD = "gnu++0x";
				CLANG_CXX_LIBRARY = "libc++";
				CLANG_ENABLE_MODULES = YES;
				CLANG_ENABLE_OBJC_ARC = YES;
				CLANG_WARN_BOOL_CONVERSION = YES;
				CLANG_WARN_CONSTANT_CONVERSION = YES;
				CLANG_WARN_DIRECT_OBJC_ISA_USAGE = YES_ERROR;
				CLANG_WARN_EMPTY_BODY = YES;
				CLANG_WARN_ENUM_CONVERSION = YES;
				CLANG_WARN_INT_CONVERSION = YES;
				CLANG_WARN_OBJC_ROOT_CLASS = YES_ERROR;
				CLANG_WARN_UNREACHABLE_CODE = YES;
				CLANG_WARN__DUPLICATE_METHOD_MATCH = YES;
				"CODE_SIGN_IDENTITY[sdk=iphoneos*]" = "iPhone Developer";
				COPY_PHASE_STRIP = NO;
				DEBUG_INFORMATION_FORMAT = "dwarf-with-dsym";
				ENABLE_NS_ASSERTIONS = NO;
				ENABLE_STRICT_OBJC_MSGSEND = YES;
				GCC_C_LANGUAGE_STANDARD = gnu99;
				GCC_NO_COMMON_BLOCKS = YES;
				GCC_WARN_64_TO_32_BIT_CONVERSION = YES;
				GCC_WARN_ABOUT_RETURN_TYPE = YES_ERROR;
				GCC_WARN_UNDECLARED_SELECTOR = YES;
				GCC_WARN_UNINITIALIZED_AUTOS = YES_AGGRESSIVE;
				GCC_WARN_UNUSED_FUNCTION = YES;
				GCC_WARN_UNUSED_VARIABLE = YES;
				IPHONEOS_DEPLOYMENT_TARGET = 8.4;
				MTL_ENABLE_DEBUG_INFO = NO;
				SDKROOT = iphoneos;
				TARGETED_DEVICE_FAMILY = "1,2";
				VALIDATE_PRODUCT = YES;
			};
			name = Release;
		};
		290207BA1B45D7F300775FB4 /* Debug */ = {
			isa = XCBuildConfiguration;
			buildSettings = {
				ASSETCATALOG_COMPILER_APPICON_NAME = AppIcon;
				ASSETCATALOG_COMPILER_LAUNCHIMAGE_NAME = LaunchImage;
				INFOPLIST_FILE = iLounge/Info.plist;
				IPHONEOS_DEPLOYMENT_TARGET = 8.2;
				LD_RUNPATH_SEARCH_PATHS = "$(inherited) @executable_path/Frameworks";
				PRODUCT_NAME = "$(TARGET_NAME)";
			};
			name = Debug;
		};
		290207BB1B45D7F300775FB4 /* Release */ = {
			isa = XCBuildConfiguration;
			buildSettings = {
				ASSETCATALOG_COMPILER_APPICON_NAME = AppIcon;
				ASSETCATALOG_COMPILER_LAUNCHIMAGE_NAME = LaunchImage;
				INFOPLIST_FILE = iLounge/Info.plist;
				IPHONEOS_DEPLOYMENT_TARGET = 8.2;
				LD_RUNPATH_SEARCH_PATHS = "$(inherited) @executable_path/Frameworks";
				PRODUCT_NAME = "$(TARGET_NAME)";
			};
			name = Release;
		};
		290207BD1B45D7F300775FB4 /* Debug */ = {
			isa = XCBuildConfiguration;
			buildSettings = {
				BUNDLE_LOADER = "$(TEST_HOST)";
				FRAMEWORK_SEARCH_PATHS = (
					"$(SDKROOT)/Developer/Library/Frameworks",
					"$(inherited)",
				);
				GCC_PREPROCESSOR_DEFINITIONS = (
					"DEBUG=1",
					"$(inherited)",
				);
				INFOPLIST_FILE = iLoungeTests/Info.plist;
				LD_RUNPATH_SEARCH_PATHS = "$(inherited) @executable_path/Frameworks @loader_path/Frameworks";
				PRODUCT_NAME = "$(TARGET_NAME)";
				TEST_HOST = "$(BUILT_PRODUCTS_DIR)/iLounge.app/iLounge";
			};
			name = Debug;
		};
		290207BE1B45D7F300775FB4 /* Release */ = {
			isa = XCBuildConfiguration;
			buildSettings = {
				BUNDLE_LOADER = "$(TEST_HOST)";
				FRAMEWORK_SEARCH_PATHS = (
					"$(SDKROOT)/Developer/Library/Frameworks",
					"$(inherited)",
				);
				INFOPLIST_FILE = iLoungeTests/Info.plist;
				LD_RUNPATH_SEARCH_PATHS = "$(inherited) @executable_path/Frameworks @loader_path/Frameworks";
				PRODUCT_NAME = "$(TARGET_NAME)";
				TEST_HOST = "$(BUILT_PRODUCTS_DIR)/iLounge.app/iLounge";
			};
			name = Release;
		};
/* End XCBuildConfiguration section */

/* Begin XCConfigurationList section */
		290207921B45D7F300775FB4 /* Build configuration list for PBXProject "iLounge" */ = {
			isa = XCConfigurationList;
			buildConfigurations = (
				290207B71B45D7F300775FB4 /* Debug */,
				290207B81B45D7F300775FB4 /* Release */,
			);
			defaultConfigurationIsVisible = 0;
			defaultConfigurationName = Release;
		};
		290207B91B45D7F300775FB4 /* Build configuration list for PBXNativeTarget "iLounge" */ = {
			isa = XCConfigurationList;
			buildConfigurations = (
				290207BA1B45D7F300775FB4 /* Debug */,
				290207BB1B45D7F300775FB4 /* Release */,
			);
			defaultConfigurationIsVisible = 0;
			defaultConfigurationName = Release;
		};
		290207BC1B45D7F300775FB4 /* Build configuration list for PBXNativeTarget "iLoungeTests" */ = {
			isa = XCConfigurationList;
			buildConfigurations = (
				290207BD1B45D7F300775FB4 /* Debug */,
				290207BE1B45D7F300775FB4 /* Release */,
			);
			defaultConfigurationIsVisible = 0;
			defaultConfigurationName = Release;
		};
/* End XCConfigurationList section */

/* Begin XCVersionGroup section */
		2902079E1B45D7F300775FB4 /* iLounge.xcdatamodeld */ = {
			isa = XCVersionGroup;
			children = (
				2902079F1B45D7F300775FB4 /* iLounge.xcdatamodel */,
			);
			currentVersion = 2902079F1B45D7F300775FB4 /* iLounge.xcdatamodel */;
			path = iLounge.xcdatamodeld;
			sourceTree = "<group>";
			versionGroupType = wrapper.xcdatamodel;
		};
/* End XCVersionGroup section */
	};
	rootObject = 2902078F1B45D7F300775FB4 /* Project object */;
}
